// !$*UTF8*$!
{
	archiveVersion = 1;
	classes = {
	};
	objectVersion = 46;
	objects = {

/* Begin PBXBuildFile section */
		ABF0C6381A901CD400FAD214 /* AppDelegate.m in Sources */ = {isa = PBXBuildFile; fileRef = ABF0C6371A901CD400FAD214 /* AppDelegate.m */; };
		ABF0C63A1A901CD400FAD214 /* main.m in Sources */ = {isa = PBXBuildFile; fileRef = ABF0C6391A901CD400FAD214 /* main.m */; };
		ABF0C63C1A901CD400FAD214 /* Images.xcassets in Resources */ = {isa = PBXBuildFile; fileRef = ABF0C63B1A901CD400FAD214 /* Images.xcassets */; };
		ABF0C63F1A901CD400FAD214 /* MainMenu.xib in Resources */ = {isa = PBXBuildFile; fileRef = ABF0C63D1A901CD400FAD214 /* MainMenu.xib */; };
		ABF0C64B1A901CD400FAD214 /* RageQuitTests.m in Sources */ = {isa = PBXBuildFile; fileRef = ABF0C64A1A901CD400FAD214 /* RageQuitTests.m */; };
		ABF0C6561A901D3D00FAD214 /* Extras.m in Sources */ = {isa = PBXBuildFile; fileRef = ABF0C6551A901D3D00FAD214 /* Extras.m */; };
		ABF0C65C1A9024A500FAD214 /* Localizable.strings in Resources */ = {isa = PBXBuildFile; fileRef = ABF0C65E1A9024A500FAD214 /* Localizable.strings */; };
/* End PBXBuildFile section */

/* Begin PBXContainerItemProxy section */
		ABF0C6451A901CD400FAD214 /* PBXContainerItemProxy */ = {
			isa = PBXContainerItemProxy;
			containerPortal = ABF0C6291A901CD400FAD214 /* Project object */;
			proxyType = 1;
			remoteGlobalIDString = ABF0C6301A901CD400FAD214;
			remoteInfo = RageQuit;
		};
/* End PBXContainerItemProxy section */

/* Begin PBXFileReference section */
		ABF0C6311A901CD400FAD214 /* RageQuit.app */ = {isa = PBXFileReference; explicitFileType = wrapper.application; includeInIndex = 0; path = RageQuit.app; sourceTree = BUILT_PRODUCTS_DIR; };
		ABF0C6351A901CD400FAD214 /* Info.plist */ = {isa = PBXFileReference; lastKnownFileType = text.plist.xml; path = Info.plist; sourceTree = "<group>"; };
		ABF0C6361A901CD400FAD214 /* AppDelegate.h */ = {isa = PBXFileReference; lastKnownFileType = sourcecode.c.h; path = AppDelegate.h; sourceTree = "<group>"; };
		ABF0C6371A901CD400FAD214 /* AppDelegate.m */ = {isa = PBXFileReference; lastKnownFileType = sourcecode.c.objc; path = AppDelegate.m; sourceTree = "<group>"; };
		ABF0C6391A901CD400FAD214 /* main.m */ = {isa = PBXFileReference; lastKnownFileType = sourcecode.c.objc; path = main.m; sourceTree = "<group>"; };
		ABF0C63B1A901CD400FAD214 /* Images.xcassets */ = {isa = PBXFileReference; lastKnownFileType = folder.assetcatalog; path = Images.xcassets; sourceTree = "<group>"; };
		ABF0C63E1A901CD400FAD214 /* Base */ = {isa = PBXFileReference; lastKnownFileType = file.xib; name = Base; path = Base.lproj/MainMenu.xib; sourceTree = "<group>"; };
		ABF0C6441A901CD400FAD214 /* RageQuitTests.xctest */ = {isa = PBXFileReference; explicitFileType = wrapper.cfbundle; includeInIndex = 0; path = RageQuitTests.xctest; sourceTree = BUILT_PRODUCTS_DIR; };
		ABF0C6491A901CD400FAD214 /* Info.plist */ = {isa = PBXFileReference; lastKnownFileType = text.plist.xml; path = Info.plist; sourceTree = "<group>"; };
		ABF0C64A1A901CD400FAD214 /* RageQuitTests.m */ = {isa = PBXFileReference; lastKnownFileType = sourcecode.c.objc; path = RageQuitTests.m; sourceTree = "<group>"; };
		ABF0C6541A901D3D00FAD214 /* Extras.h */ = {isa = PBXFileReference; fileEncoding = 4; lastKnownFileType = sourcecode.c.h; path = Extras.h; sourceTree = "<group>"; };
		ABF0C6551A901D3D00FAD214 /* Extras.m */ = {isa = PBXFileReference; fileEncoding = 4; lastKnownFileType = sourcecode.c.objc; path = Extras.m; sourceTree = "<group>"; };
		ABF0C65D1A9024A500FAD214 /* Base */ = {isa = PBXFileReference; lastKnownFileType = text.plist.strings; name = Base; path = Base.lproj/Localizable.strings; sourceTree = "<group>"; };
/* End PBXFileReference section */

/* Begin PBXFrameworksBuildPhase section */
		ABF0C62E1A901CD400FAD214 /* Frameworks */ = {
			isa = PBXFrameworksBuildPhase;
			buildActionMask = 2147483647;
			files = (
			);
			runOnlyForDeploymentPostprocessing = 0;
		};
		ABF0C6411A901CD400FAD214 /* Frameworks */ = {
			isa = PBXFrameworksBuildPhase;
			buildActionMask = 2147483647;
			files = (
			);
			runOnlyForDeploymentPostprocessing = 0;
		};
/* End PBXFrameworksBuildPhase section */

/* Begin PBXGroup section */
		ABF0C6281A901CD400FAD214 = {
			isa = PBXGroup;
			children = (
				ABF0C6331A901CD400FAD214 /* RageQuit */,
				ABF0C6471A901CD400FAD214 /* RageQuitTests */,
				ABF0C6321A901CD400FAD214 /* Products */,
			);
			sourceTree = "<group>";
		};
		ABF0C6321A901CD400FAD214 /* Products */ = {
			isa = PBXGroup;
			children = (
				ABF0C6311A901CD400FAD214 /* RageQuit.app */,
				ABF0C6441A901CD400FAD214 /* RageQuitTests.xctest */,
			);
			name = Products;
			sourceTree = "<group>";
		};
		ABF0C6331A901CD400FAD214 /* RageQuit */ = {
			isa = PBXGroup;
			children = (
				ABF0C6361A901CD400FAD214 /* AppDelegate.h */,
				ABF0C6371A901CD400FAD214 /* AppDelegate.m */,
				ABF0C6541A901D3D00FAD214 /* Extras.h */,
				ABF0C6551A901D3D00FAD214 /* Extras.m */,
				ABF0C63B1A901CD400FAD214 /* Images.xcassets */,
				ABF0C63D1A901CD400FAD214 /* MainMenu.xib */,
				ABF0C6341A901CD400FAD214 /* Supporting Files */,
				ABF0C65E1A9024A500FAD214 /* Localizable.strings */,
			);
			path = RageQuit;
			sourceTree = "<group>";
		};
		ABF0C6341A901CD400FAD214 /* Supporting Files */ = {
			isa = PBXGroup;
			children = (
				ABF0C6351A901CD400FAD214 /* Info.plist */,
				ABF0C6391A901CD400FAD214 /* main.m */,
			);
			name = "Supporting Files";
			sourceTree = "<group>";
		};
		ABF0C6471A901CD400FAD214 /* RageQuitTests */ = {
			isa = PBXGroup;
			children = (
				ABF0C64A1A901CD400FAD214 /* RageQuitTests.m */,
				ABF0C6481A901CD400FAD214 /* Supporting Files */,
			);
			path = RageQuitTests;
			sourceTree = "<group>";
		};
		ABF0C6481A901CD400FAD214 /* Supporting Files */ = {
			isa = PBXGroup;
			children = (
				ABF0C6491A901CD400FAD214 /* Info.plist */,
			);
			name = "Supporting Files";
			sourceTree = "<group>";
		};
/* End PBXGroup section */

/* Begin PBXNativeTarget section */
		ABF0C6301A901CD400FAD214 /* RageQuit */ = {
			isa = PBXNativeTarget;
			buildConfigurationList = ABF0C64E1A901CD400FAD214 /* Build configuration list for PBXNativeTarget "RageQuit" */;
			buildPhases = (
				ABF0C62D1A901CD400FAD214 /* Sources */,
				ABF0C62E1A901CD400FAD214 /* Frameworks */,
				ABF0C62F1A901CD400FAD214 /* Resources */,
			);
			buildRules = (
			);
			dependencies = (
			);
			name = RageQuit;
			productName = RageQuit;
			productReference = ABF0C6311A901CD400FAD214 /* RageQuit.app */;
			productType = "com.apple.product-type.application";
		};
		ABF0C6431A901CD400FAD214 /* RageQuitTests */ = {
			isa = PBXNativeTarget;
			buildConfigurationList = ABF0C6511A901CD400FAD214 /* Build configuration list for PBXNativeTarget "RageQuitTests" */;
			buildPhases = (
				ABF0C6401A901CD400FAD214 /* Sources */,
				ABF0C6411A901CD400FAD214 /* Frameworks */,
				ABF0C6421A901CD400FAD214 /* Resources */,
			);
			buildRules = (
			);
			dependencies = (
				ABF0C6461A901CD400FAD214 /* PBXTargetDependency */,
			);
			name = RageQuitTests;
			productName = RageQuitTests;
			productReference = ABF0C6441A901CD400FAD214 /* RageQuitTests.xctest */;
			productType = "com.apple.product-type.bundle.unit-test";
		};
/* End PBXNativeTarget section */

/* Begin PBXProject section */
		ABF0C6291A901CD400FAD214 /* Project object */ = {
			isa = PBXProject;
			attributes = {
				LastUpgradeCheck = 0610;
				ORGANIZATIONNAME = "Jonathan Kingsley";
				TargetAttributes = {
					ABF0C6301A901CD400FAD214 = {
						CreatedOnToolsVersion = 6.1.1;
					};
					ABF0C6431A901CD400FAD214 = {
						CreatedOnToolsVersion = 6.1.1;
						TestTargetID = ABF0C6301A901CD400FAD214;
					};
				};
			};
			buildConfigurationList = ABF0C62C1A901CD400FAD214 /* Build configuration list for PBXProject "RageQuit" */;
			compatibilityVersion = "Xcode 3.2";
			developmentRegion = English;
			hasScannedForEncodings = 0;
			knownRegions = (
				en,
				Base,
			);
			mainGroup = ABF0C6281A901CD400FAD214;
			productRefGroup = ABF0C6321A901CD400FAD214 /* Products */;
			projectDirPath = "";
			projectRoot = "";
			targets = (
				ABF0C6301A901CD400FAD214 /* RageQuit */,
				ABF0C6431A901CD400FAD214 /* RageQuitTests */,
			);
		};
/* End PBXProject section */

/* Begin PBXResourcesBuildPhase section */
		ABF0C62F1A901CD400FAD214 /* Resources */ = {
			isa = PBXResourcesBuildPhase;
			buildActionMask = 2147483647;
			files = (
				ABF0C63C1A901CD400FAD214 /* Images.xcassets in Resources */,
				ABF0C65C1A9024A500FAD214 /* Localizable.strings in Resources */,
				ABF0C63F1A901CD400FAD214 /* MainMenu.xib in Resources */,
			);
			runOnlyForDeploymentPostprocessing = 0;
		};
		ABF0C6421A901CD400FAD214 /* Resources */ = {
			isa = PBXResourcesBuildPhase;
			buildActionMask = 2147483647;
			files = (
			);
			runOnlyForDeploymentPostprocessing = 0;
		};
/* End PBXResourcesBuildPhase section */

/* Begin PBXSourcesBuildPhase section */
		ABF0C62D1A901CD400FAD214 /* Sources */ = {
			isa = PBXSourcesBuildPhase;
			buildActionMask = 2147483647;
			files = (
				ABF0C63A1A901CD400FAD214 /* main.m in Sources */,
				ABF0C6381A901CD400FAD214 /* AppDelegate.m in Sources */,
				ABF0C6561A901D3D00FAD214 /* Extras.m in Sources */,
			);
			runOnlyForDeploymentPostprocessing = 0;
		};
		ABF0C6401A901CD400FAD214 /* Sources */ = {
			isa = PBXSourcesBuildPhase;
			buildActionMask = 2147483647;
			files = (
				ABF0C64B1A901CD400FAD214 /* RageQuitTests.m in Sources */,
			);
			runOnlyForDeploymentPostprocessing = 0;
		};
/* End PBXSourcesBuildPhase section */

/* Begin PBXTargetDependency section */
		ABF0C6461A901CD400FAD214 /* PBXTargetDependency */ = {
			isa = PBXTargetDependency;
			target = ABF0C6301A901CD400FAD214 /* RageQuit */;
			targetProxy = ABF0C6451A901CD400FAD214 /* PBXContainerItemProxy */;
		};
/* End PBXTargetDependency section */

/* Begin PBXVariantGroup section */
		ABF0C63D1A901CD400FAD214 /* MainMenu.xib */ = {
			isa = PBXVariantGroup;
			children = (
				ABF0C63E1A901CD400FAD214 /* Base */,
			);
			name = MainMenu.xib;
			sourceTree = "<group>";
		};
		ABF0C65E1A9024A500FAD214 /* Localizable.strings */ = {
			isa = PBXVariantGroup;
			children = (
				ABF0C65D1A9024A500FAD214 /* Base */,
			);
			name = Localizable.strings;
			sourceTree = "<group>";
		};
/* End PBXVariantGroup section */

/* Begin XCBuildConfiguration section */
		ABF0C64C1A901CD400FAD214 /* Debug */ = {
			isa = XCBuildConfiguration;
			buildSettings = {
				ALWAYS_SEARCH_USER_PATHS = NO;
				CLANG_CXX_LANGUAGE_STANDARD = "gnu++0x";
				CLANG_CXX_LIBRARY = "libc++";
				CLANG_ENABLE_MODULES = YES;
				CLANG_ENABLE_OBJC_ARC = YES;
				CLANG_WARN_BOOL_CONVERSION = YES;
				CLANG_WARN_CONSTANT_CONVERSION = YES;
				CLANG_WARN_DIRECT_OBJC_ISA_USAGE = YES_ERROR;
				CLANG_WARN_EMPTY_BODY = YES;
				CLANG_WARN_ENUM_CONVERSION = YES;
				CLANG_WARN_INT_CONVERSION = YES;
				CLANG_WARN_OBJC_ROOT_CLASS = YES_ERROR;
				CLANG_WARN_UNREACHABLE_CODE = YES;
				CLANG_WARN__DUPLICATE_METHOD_MATCH = YES;
				CODE_SIGN_IDENTITY = "-";
				COPY_PHASE_STRIP = NO;
				ENABLE_STRICT_OBJC_MSGSEND = YES;
				GCC_C_LANGUAGE_STANDARD = gnu99;
				GCC_DYNAMIC_NO_PIC = NO;
				GCC_OPTIMIZATION_LEVEL = 0;
				GCC_PREPROCESSOR_DEFINITIONS = (
					"DEBUG=1",
					"$(inherited)",
				);
				GCC_SYMBOLS_PRIVATE_EXTERN = NO;
				GCC_WARN_64_TO_32_BIT_CONVERSION = YES;
				GCC_WARN_ABOUT_RETURN_TYPE = YES_ERROR;
				GCC_WARN_UNDECLARED_SELECTOR = YES;
				GCC_WARN_UNINITIALIZED_AUTOS = YES_AGGRESSIVE;
				GCC_WARN_UNUSED_FUNCTION = YES;
				GCC_WARN_UNUSED_VARIABLE = YES;
				MACOSX_DEPLOYMENT_TARGET = 10.9;
				MTL_ENABLE_DEBUG_INFO = YES;
				ONLY_ACTIVE_ARCH = YES;
				SDKROOT = macosx;
			};
			name = Debug;
		};
		ABF0C64D1A901CD400FAD214 /* Release */ = {
			isa = XCBuildConfiguration;
			buildSettings = {
				ALWAYS_SEARCH_USER_PATHS = NO;
				CLANG_CXX_LANGUAGE_STANDARD = "gnu++0x";
				CLANG_CXX_LIBRARY = "libc++";
				CLANG_ENABLE_MODULES = YES;
				CLANG_ENABLE_OBJC_ARC = YES;
				CLANG_WARN_BOOL_CONVERSION = YES;
				CLANG_WARN_CONSTANT_CONVERSION = YES;
				CLANG_WARN_DIRECT_OBJC_ISA_USAGE = YES_ERROR;
				CLANG_WARN_EMPTY_BODY = YES;
				CLANG_WARN_ENUM_CONVERSION = YES;
				CLANG_WARN_INT_CONVERSION = YES;
				CLANG_WARN_OBJC_ROOT_CLASS = YES_ERROR;
				CLANG_WARN_UNREACHABLE_CODE = YES;
				CLANG_WARN__DUPLICATE_METHOD_MATCH = YES;
				CODE_SIGN_IDENTITY = "-";
				COPY_PHASE_STRIP = YES;
				DEBUG_INFORMATION_FORMAT = "dwarf-with-dsym";
				ENABLE_NS_ASSERTIONS = NO;
				ENABLE_STRICT_OBJC_MSGSEND = YES;
				GCC_C_LANGUAGE_STANDARD = gnu99;
				GCC_WARN_64_TO_32_BIT_CONVERSION = YES;
				GCC_WARN_ABOUT_RETURN_TYPE = YES_ERROR;
				GCC_WARN_UNDECLARED_SELECTOR = YES;
				GCC_WARN_UNINITIALIZED_AUTOS = YES_AGGRESSIVE;
				GCC_WARN_UNUSED_FUNCTION = YES;
				GCC_WARN_UNUSED_VARIABLE = YES;
				MACOSX_DEPLOYMENT_TARGET = 10.9;
				MTL_ENABLE_DEBUG_INFO = NO;
				SDKROOT = macosx;
			};
			name = Release;
		};
		ABF0C64F1A901CD400FAD214 /* Debug */ = {
			isa = XCBuildConfiguration;
			buildSettings = {
				ASSETCATALOG_COMPILER_APPICON_NAME = AppIcon;
				COMBINE_HIDPI_IMAGES = YES;
				INFOPLIST_FILE = RageQuit/Info.plist;
				LD_RUNPATH_SEARCH_PATHS = "$(inherited) @executable_path/../Frameworks";
				PRODUCT_NAME = "$(TARGET_NAME)";
			};
			name = Debug;
		};
		ABF0C6501A901CD400FAD214 /* Release */ = {
			isa = XCBuildConfiguration;
			buildSettings = {
				ASSETCATALOG_COMPILER_APPICON_NAME = AppIcon;
				COMBINE_HIDPI_IMAGES = YES;
				INFOPLIST_FILE = RageQuit/Info.plist;
				LD_RUNPATH_SEARCH_PATHS = "$(inherited) @executable_path/../Frameworks";
				PRODUCT_NAME = "$(TARGET_NAME)";
			};
			name = Release;
		};
		ABF0C6521A901CD400FAD214 /* Debug */ = {
			isa = XCBuildConfiguration;
			buildSettings = {
				BUNDLE_LOADER = "$(TEST_HOST)";
				COMBINE_HIDPI_IMAGES = YES;
				FRAMEWORK_SEARCH_PATHS = (
					"$(DEVELOPER_FRAMEWORKS_DIR)",
					"$(inherited)",
				);
				GCC_PREPROCESSOR_DEFINITIONS = (
					"DEBUG=1",
					"$(inherited)",
				);
				INFOPLIST_FILE = RageQuitTests/Info.plist;
				LD_RUNPATH_SEARCH_PATHS = "$(inherited) @executable_path/../Frameworks @loader_path/../Frameworks";
				PRODUCT_NAME = "$(TARGET_NAME)";
				TEST_HOST = "$(BUILT_PRODUCTS_DIR)/RageQuit.app/Contents/MacOS/RageQuit";
			};
			name = Debug;
		};
		ABF0C6531A901CD400FAD214 /* Release */ = {
			isa = XCBuildConfiguration;
			buildSettings = {
				BUNDLE_LOADER = "$(TEST_HOST)";
				COMBINE_HIDPI_IMAGES = YES;
				FRAMEWORK_SEARCH_PATHS = (
					"$(DEVELOPER_FRAMEWORKS_DIR)",
					"$(inherited)",
				);
				INFOPLIST_FILE = RageQuitTests/Info.plist;
				LD_RUNPATH_SEARCH_PATHS = "$(inherited) @executable_path/../Frameworks @loader_path/../Frameworks";
				PRODUCT_NAME = "$(TARGET_NAME)";
				TEST_HOST = "$(BUILT_PRODUCTS_DIR)/RageQuit.app/Contents/MacOS/RageQuit";
			};
			name = Release;
		};
/* End XCBuildConfiguration section */

/* Begin XCConfigurationList section */
		ABF0C62C1A901CD400FAD214 /* Build configuration list for PBXProject "RageQuit" */ = {
			isa = XCConfigurationList;
			buildConfigurations = (
				ABF0C64C1A901CD400FAD214 /* Debug */,
				ABF0C64D1A901CD400FAD214 /* Release */,
			);
			defaultConfigurationIsVisible = 0;
			defaultConfigurationName = Release;
		};
		ABF0C64E1A901CD400FAD214 /* Build configuration list for PBXNativeTarget "RageQuit" */ = {
			isa = XCConfigurationList;
			buildConfigurations = (
				ABF0C64F1A901CD400FAD214 /* Debug */,
				ABF0C6501A901CD400FAD214 /* Release */,
			);
			defaultConfigurationIsVisible = 0;
		};
		ABF0C6511A901CD400FAD214 /* Build configuration list for PBXNativeTarget "RageQuitTests" */ = {
			isa = XCConfigurationList;
			buildConfigurations = (
				ABF0C6521A901CD400FAD214 /* Debug */,
				ABF0C6531A901CD400FAD214 /* Release */,
			);
			defaultConfigurationIsVisible = 0;
		};
/* End XCConfigurationList section */
	};
	rootObject = ABF0C6291A901CD400FAD214 /* Project object */;
}
